// !$*UTF8*$!
{
	archiveVersion = 1;
	classes = {
	};
	objectVersion = 55;
	objects = {

/* Begin PBXBuildFile section */
		107D23A7FD72C1622F61D102 /* Pods_AR_online_shopping_iOS_AR_online_shopping_iOSUITests.framework in Frameworks */ = {isa = PBXBuildFile; fileRef = EA548F5A8666EE0CAA0335A1 /* Pods_AR_online_shopping_iOS_AR_online_shopping_iOSUITests.framework */; };
		34ACAD425EA20ED2AD5C6F48 /* Pods_AR_online_shopping_iOS.framework in Frameworks */ = {isa = PBXBuildFile; fileRef = 2CD2F8A5D669E938773B36E7 /* Pods_AR_online_shopping_iOS.framework */; };
		5332861E27F62B0F00714161 /* NewPostService.swift in Sources */ = {isa = PBXBuildFile; fileRef = 5332861D27F62B0F00714161 /* NewPostService.swift */; };
		5335925027EA45080046851F /* ARViewScreen.swift in Sources */ = {isa = PBXBuildFile; fileRef = 5335924F27EA45080046851F /* ARViewScreen.swift */; };
		5335925227EA4B760046851F /* ShopHomeScreen.swift in Sources */ = {isa = PBXBuildFile; fileRef = 5335925127EA4B760046851F /* ShopHomeScreen.swift */; };
		5335925627EA55A70046851F /* Product.swift in Sources */ = {isa = PBXBuildFile; fileRef = 5335925527EA55A70046851F /* Product.swift */; };
		5335925927EA56F80046851F /* ProductCard.swift in Sources */ = {isa = PBXBuildFile; fileRef = 5335925827EA56F80046851F /* ProductCard.swift */; };
		5335925C27EA5BE10046851F /* CartButton.swift in Sources */ = {isa = PBXBuildFile; fileRef = 5335925B27EA5BE00046851F /* CartButton.swift */; };
		5335925E27EA5DA70046851F /* CartView.swift in Sources */ = {isa = PBXBuildFile; fileRef = 5335925D27EA5DA70046851F /* CartView.swift */; };
		5335926027EA5F6B0046851F /* CartManager.swift in Sources */ = {isa = PBXBuildFile; fileRef = 5335925F27EA5F6B0046851F /* CartManager.swift */; };
		5335926227EA62110046851F /* ProductRow.swift in Sources */ = {isa = PBXBuildFile; fileRef = 5335926127EA62110046851F /* ProductRow.swift */; };
		534162CF27EB9A6F0045338C /* PostView.swift in Sources */ = {isa = PBXBuildFile; fileRef = 534162CD27EB9A6F0045338C /* PostView.swift */; };
		534162D227EB9A850045338C /* HomeScreen.swift in Sources */ = {isa = PBXBuildFile; fileRef = 534162D127EB9A850045338C /* HomeScreen.swift */; };
		534162D627EB9E3D0045338C /* AboutUsView.swift in Sources */ = {isa = PBXBuildFile; fileRef = 534162D527EB9E3D0045338C /* AboutUsView.swift */; };
		534562B627F1FE5C008E1B5E /* GoogleService-Info.plist in Resources */ = {isa = PBXBuildFile; fileRef = 534562B527F1FE5C008E1B5E /* GoogleService-Info.plist */; };
		534562B927F1FE7E008E1B5E /* MainView.swift in Sources */ = {isa = PBXBuildFile; fileRef = 534562B827F1FE7E008E1B5E /* MainView.swift */; };
		534562BB27F222BB008E1B5E /* UserAuthentication.swift in Sources */ = {isa = PBXBuildFile; fileRef = 534562BA27F222BB008E1B5E /* UserAuthentication.swift */; };
		5346BC4E27F38D94003D716F /* NewPostView.swift in Sources */ = {isa = PBXBuildFile; fileRef = 5346BC4D27F38D94003D716F /* NewPostView.swift */; };
		5350836428060B2E005F7641 /* StoryModel.swift in Sources */ = {isa = PBXBuildFile; fileRef = 5350836328060B2E005F7641 /* StoryModel.swift */; };
		5350836628060E10005F7641 /* StoryService.swift in Sources */ = {isa = PBXBuildFile; fileRef = 5350836528060E10005F7641 /* StoryService.swift */; };
		5350836828061FDE005F7641 /* HelpScreen.swift in Sources */ = {isa = PBXBuildFile; fileRef = 5350836728061FDE005F7641 /* HelpScreen.swift */; };
		53558D712804B604009B7152 /* ProductService.swift in Sources */ = {isa = PBXBuildFile; fileRef = 53558D702804B604009B7152 /* ProductService.swift */; };
		536BF1C127E6301F00F4E28B /* AppDelegate.swift in Sources */ = {isa = PBXBuildFile; fileRef = 536BF1C027E6301F00F4E28B /* AppDelegate.swift */; };
		536BF1C327E6301F00F4E28B /* ContentView.swift in Sources */ = {isa = PBXBuildFile; fileRef = 536BF1C227E6301F00F4E28B /* ContentView.swift */; };
		536BF1C727E6302200F4E28B /* Assets.xcassets in Resources */ = {isa = PBXBuildFile; fileRef = 536BF1C627E6302200F4E28B /* Assets.xcassets */; };
		536BF1CA27E6302200F4E28B /* Preview Assets.xcassets in Resources */ = {isa = PBXBuildFile; fileRef = 536BF1C927E6302200F4E28B /* Preview Assets.xcassets */; };
		536BF1D427E6302200F4E28B /* AR_online_shopping_iOSTests.swift in Sources */ = {isa = PBXBuildFile; fileRef = 536BF1D327E6302200F4E28B /* AR_online_shopping_iOSTests.swift */; };
		536BF1DE27E6302200F4E28B /* AR_online_shopping_iOSUITests.swift in Sources */ = {isa = PBXBuildFile; fileRef = 536BF1DD27E6302200F4E28B /* AR_online_shopping_iOSUITests.swift */; };
		536BF1E027E6302200F4E28B /* AR_online_shopping_iOSUITestsLaunchTests.swift in Sources */ = {isa = PBXBuildFile; fileRef = 536BF1DF27E6302200F4E28B /* AR_online_shopping_iOSUITestsLaunchTests.swift */; };
		536BF1F127E6390600F4E28B /* cup_saucer_set.usdz in Resources */ = {isa = PBXBuildFile; fileRef = 536BF1ED27E6390600F4E28B /* cup_saucer_set.usdz */; };
		536BF1F227E6390600F4E28B /* chair_swan.usdz in Resources */ = {isa = PBXBuildFile; fileRef = 536BF1EE27E6390600F4E28B /* chair_swan.usdz */; };
		536BF1F327E6390600F4E28B /* gramophone.usdz in Resources */ = {isa = PBXBuildFile; fileRef = 536BF1EF27E6390600F4E28B /* gramophone.usdz */; };
		536BF1F427E6390600F4E28B /* teapot.usdz in Resources */ = {isa = PBXBuildFile; fileRef = 536BF1F027E6390600F4E28B /* teapot.usdz */; };
		5383D7A3280C943F009BF6DF /* NewPostModel.swift in Sources */ = {isa = PBXBuildFile; fileRef = 5383D7A2280C943F009BF6DF /* NewPostModel.swift */; };
		5383D7A5280C955F009BF6DF /* ImagePicker.swift in Sources */ = {isa = PBXBuildFile; fileRef = 5383D7A4280C955F009BF6DF /* ImagePicker.swift */; };
		5383D7A7280CA132009BF6DF /* ProductView.swift in Sources */ = {isa = PBXBuildFile; fileRef = 5383D7A6280CA132009BF6DF /* ProductView.swift */; };
		53C281A227E7987B00163FEB /* Model3D.swift in Sources */ = {isa = PBXBuildFile; fileRef = 53C281A127E7987B00163FEB /* Model3D.swift */; };
		53C5131D27E7B5C60011930A /* FocusEntity in Frameworks */ = {isa = PBXBuildFile; productRef = 53C5131C27E7B5C60011930A /* FocusEntity */; };
		53C5131F27E7BC6F0011930A /* FocusARView.swift in Sources */ = {isa = PBXBuildFile; fileRef = 53C5131E27E7BC6F0011930A /* FocusARView.swift */; };
		7869342CEA2A324B26CDFB68 /* Pods_AR_online_shopping_iOSTests.framework in Frameworks */ = {isa = PBXBuildFile; fileRef = 829EE9178E7F0E242860ADA7 /* Pods_AR_online_shopping_iOSTests.framework */; };
/* End PBXBuildFile section */

/* Begin PBXContainerItemProxy section */
		536BF1D027E6302200F4E28B /* PBXContainerItemProxy */ = {
			isa = PBXContainerItemProxy;
			containerPortal = 536BF1B527E6301F00F4E28B /* Project object */;
			proxyType = 1;
			remoteGlobalIDString = 536BF1BC27E6301F00F4E28B;
			remoteInfo = "AR-online-shopping-iOS";
		};
		536BF1DA27E6302200F4E28B /* PBXContainerItemProxy */ = {
			isa = PBXContainerItemProxy;
			containerPortal = 536BF1B527E6301F00F4E28B /* Project object */;
			proxyType = 1;
			remoteGlobalIDString = 536BF1BC27E6301F00F4E28B;
			remoteInfo = "AR-online-shopping-iOS";
		};
/* End PBXContainerItemProxy section */

/* Begin PBXFileReference section */
		180BA354D7F0C43BAD2B8481 /* Pods-AR-online-shopping-iOS-AR-online-shopping-iOSUITests.release.xcconfig */ = {isa = PBXFileReference; includeInIndex = 1; lastKnownFileType = text.xcconfig; name = "Pods-AR-online-shopping-iOS-AR-online-shopping-iOSUITests.release.xcconfig"; path = "Target Support Files/Pods-AR-online-shopping-iOS-AR-online-shopping-iOSUITests/Pods-AR-online-shopping-iOS-AR-online-shopping-iOSUITests.release.xcconfig"; sourceTree = "<group>"; };
		2CD2F8A5D669E938773B36E7 /* Pods_AR_online_shopping_iOS.framework */ = {isa = PBXFileReference; explicitFileType = wrapper.framework; includeInIndex = 0; path = Pods_AR_online_shopping_iOS.framework; sourceTree = BUILT_PRODUCTS_DIR; };
		2DE9EE8F976BC286D7905E79 /* Pods-AR-online-shopping-iOS-AR-online-shopping-iOSUITests.debug.xcconfig */ = {isa = PBXFileReference; includeInIndex = 1; lastKnownFileType = text.xcconfig; name = "Pods-AR-online-shopping-iOS-AR-online-shopping-iOSUITests.debug.xcconfig"; path = "Target Support Files/Pods-AR-online-shopping-iOS-AR-online-shopping-iOSUITests/Pods-AR-online-shopping-iOS-AR-online-shopping-iOSUITests.debug.xcconfig"; sourceTree = "<group>"; };
		32029C3F81D02BA8A2480A7A /* Pods-AR-online-shopping-iOSTests.release.xcconfig */ = {isa = PBXFileReference; includeInIndex = 1; lastKnownFileType = text.xcconfig; name = "Pods-AR-online-shopping-iOSTests.release.xcconfig"; path = "Target Support Files/Pods-AR-online-shopping-iOSTests/Pods-AR-online-shopping-iOSTests.release.xcconfig"; sourceTree = "<group>"; };
		5332861D27F62B0F00714161 /* NewPostService.swift */ = {isa = PBXFileReference; lastKnownFileType = sourcecode.swift; path = NewPostService.swift; sourceTree = "<group>"; };
		5335924F27EA45080046851F /* ARViewScreen.swift */ = {isa = PBXFileReference; lastKnownFileType = sourcecode.swift; path = ARViewScreen.swift; sourceTree = "<group>"; };
		5335925127EA4B760046851F /* ShopHomeScreen.swift */ = {isa = PBXFileReference; lastKnownFileType = sourcecode.swift; path = ShopHomeScreen.swift; sourceTree = "<group>"; };
		5335925527EA55A70046851F /* Product.swift */ = {isa = PBXFileReference; lastKnownFileType = sourcecode.swift; path = Product.swift; sourceTree = "<group>"; };
		5335925827EA56F80046851F /* ProductCard.swift */ = {isa = PBXFileReference; lastKnownFileType = sourcecode.swift; path = ProductCard.swift; sourceTree = "<group>"; };
		5335925B27EA5BE00046851F /* CartButton.swift */ = {isa = PBXFileReference; lastKnownFileType = sourcecode.swift; path = CartButton.swift; sourceTree = "<group>"; };
		5335925D27EA5DA70046851F /* CartView.swift */ = {isa = PBXFileReference; lastKnownFileType = sourcecode.swift; path = CartView.swift; sourceTree = "<group>"; };
		5335925F27EA5F6B0046851F /* CartManager.swift */ = {isa = PBXFileReference; lastKnownFileType = sourcecode.swift; path = CartManager.swift; sourceTree = "<group>"; };
		5335926127EA62110046851F /* ProductRow.swift */ = {isa = PBXFileReference; lastKnownFileType = sourcecode.swift; path = ProductRow.swift; sourceTree = "<group>"; };
		534162CD27EB9A6F0045338C /* PostView.swift */ = {isa = PBXFileReference; fileEncoding = 4; lastKnownFileType = sourcecode.swift; path = PostView.swift; sourceTree = "<group>"; };
		534162D127EB9A850045338C /* HomeScreen.swift */ = {isa = PBXFileReference; fileEncoding = 4; lastKnownFileType = sourcecode.swift; path = HomeScreen.swift; sourceTree = "<group>"; };
		534162D527EB9E3D0045338C /* AboutUsView.swift */ = {isa = PBXFileReference; lastKnownFileType = sourcecode.swift; path = AboutUsView.swift; sourceTree = "<group>"; };
		534562B527F1FE5C008E1B5E /* GoogleService-Info.plist */ = {isa = PBXFileReference; fileEncoding = 4; lastKnownFileType = text.plist.xml; path = "GoogleService-Info.plist"; sourceTree = "<group>"; };
		534562B827F1FE7E008E1B5E /* MainView.swift */ = {isa = PBXFileReference; lastKnownFileType = sourcecode.swift; path = MainView.swift; sourceTree = "<group>"; };
		534562BA27F222BB008E1B5E /* UserAuthentication.swift */ = {isa = PBXFileReference; lastKnownFileType = sourcecode.swift; path = UserAuthentication.swift; sourceTree = "<group>"; };
		5346BC4D27F38D94003D716F /* NewPostView.swift */ = {isa = PBXFileReference; lastKnownFileType = sourcecode.swift; path = NewPostView.swift; sourceTree = "<group>"; };
		5350836328060B2E005F7641 /* StoryModel.swift */ = {isa = PBXFileReference; lastKnownFileType = sourcecode.swift; path = StoryModel.swift; sourceTree = "<group>"; };
		5350836528060E10005F7641 /* StoryService.swift */ = {isa = PBXFileReference; lastKnownFileType = sourcecode.swift; path = StoryService.swift; sourceTree = "<group>"; };
		5350836728061FDE005F7641 /* HelpScreen.swift */ = {isa = PBXFileReference; lastKnownFileType = sourcecode.swift; path = HelpScreen.swift; sourceTree = "<group>"; };
		53558D702804B604009B7152 /* ProductService.swift */ = {isa = PBXFileReference; lastKnownFileType = sourcecode.swift; path = ProductService.swift; sourceTree = "<group>"; };
		536BF1BD27E6301F00F4E28B /* AR-online-shopping-iOS.app */ = {isa = PBXFileReference; explicitFileType = wrapper.application; includeInIndex = 0; path = "AR-online-shopping-iOS.app"; sourceTree = BUILT_PRODUCTS_DIR; };
		536BF1C027E6301F00F4E28B /* AppDelegate.swift */ = {isa = PBXFileReference; lastKnownFileType = sourcecode.swift; path = AppDelegate.swift; sourceTree = "<group>"; };
		536BF1C227E6301F00F4E28B /* ContentView.swift */ = {isa = PBXFileReference; lastKnownFileType = sourcecode.swift; path = ContentView.swift; sourceTree = "<group>"; };
		536BF1C627E6302200F4E28B /* Assets.xcassets */ = {isa = PBXFileReference; lastKnownFileType = folder.assetcatalog; path = Assets.xcassets; sourceTree = "<group>"; };
		536BF1C927E6302200F4E28B /* Preview Assets.xcassets */ = {isa = PBXFileReference; lastKnownFileType = folder.assetcatalog; path = "Preview Assets.xcassets"; sourceTree = "<group>"; };
		536BF1CF27E6302200F4E28B /* AR-online-shopping-iOSTests.xctest */ = {isa = PBXFileReference; explicitFileType = wrapper.cfbundle; includeInIndex = 0; path = "AR-online-shopping-iOSTests.xctest"; sourceTree = BUILT_PRODUCTS_DIR; };
		536BF1D327E6302200F4E28B /* AR_online_shopping_iOSTests.swift */ = {isa = PBXFileReference; lastKnownFileType = sourcecode.swift; path = AR_online_shopping_iOSTests.swift; sourceTree = "<group>"; };
		536BF1D927E6302200F4E28B /* AR-online-shopping-iOSUITests.xctest */ = {isa = PBXFileReference; explicitFileType = wrapper.cfbundle; includeInIndex = 0; path = "AR-online-shopping-iOSUITests.xctest"; sourceTree = BUILT_PRODUCTS_DIR; };
		536BF1DD27E6302200F4E28B /* AR_online_shopping_iOSUITests.swift */ = {isa = PBXFileReference; lastKnownFileType = sourcecode.swift; path = AR_online_shopping_iOSUITests.swift; sourceTree = "<group>"; };
		536BF1DF27E6302200F4E28B /* AR_online_shopping_iOSUITestsLaunchTests.swift */ = {isa = PBXFileReference; lastKnownFileType = sourcecode.swift; path = AR_online_shopping_iOSUITestsLaunchTests.swift; sourceTree = "<group>"; };
		536BF1ED27E6390600F4E28B /* cup_saucer_set.usdz */ = {isa = PBXFileReference; lastKnownFileType = file.usdz; path = cup_saucer_set.usdz; sourceTree = "<group>"; };
		536BF1EE27E6390600F4E28B /* chair_swan.usdz */ = {isa = PBXFileReference; lastKnownFileType = file.usdz; path = chair_swan.usdz; sourceTree = "<group>"; };
		536BF1EF27E6390600F4E28B /* gramophone.usdz */ = {isa = PBXFileReference; lastKnownFileType = file.usdz; path = gramophone.usdz; sourceTree = "<group>"; };
		536BF1F027E6390600F4E28B /* teapot.usdz */ = {isa = PBXFileReference; lastKnownFileType = file.usdz; path = teapot.usdz; sourceTree = "<group>"; };
		5383D7A2280C943F009BF6DF /* NewPostModel.swift */ = {isa = PBXFileReference; lastKnownFileType = sourcecode.swift; path = NewPostModel.swift; sourceTree = "<group>"; };
		5383D7A4280C955F009BF6DF /* ImagePicker.swift */ = {isa = PBXFileReference; lastKnownFileType = sourcecode.swift; path = ImagePicker.swift; sourceTree = "<group>"; };
		5383D7A6280CA132009BF6DF /* ProductView.swift */ = {isa = PBXFileReference; lastKnownFileType = sourcecode.swift; path = ProductView.swift; sourceTree = "<group>"; };
		53C281A127E7987B00163FEB /* Model3D.swift */ = {isa = PBXFileReference; lastKnownFileType = sourcecode.swift; path = Model3D.swift; sourceTree = "<group>"; };
		53C5131E27E7BC6F0011930A /* FocusARView.swift */ = {isa = PBXFileReference; lastKnownFileType = sourcecode.swift; path = FocusARView.swift; sourceTree = "<group>"; };
		71F21ECC4BFFFD0AD8625FCC /* Pods-AR-online-shopping-iOS.debug.xcconfig */ = {isa = PBXFileReference; includeInIndex = 1; lastKnownFileType = text.xcconfig; name = "Pods-AR-online-shopping-iOS.debug.xcconfig"; path = "Target Support Files/Pods-AR-online-shopping-iOS/Pods-AR-online-shopping-iOS.debug.xcconfig"; sourceTree = "<group>"; };
		829EE9178E7F0E242860ADA7 /* Pods_AR_online_shopping_iOSTests.framework */ = {isa = PBXFileReference; explicitFileType = wrapper.framework; includeInIndex = 0; path = Pods_AR_online_shopping_iOSTests.framework; sourceTree = BUILT_PRODUCTS_DIR; };
		9F47147476337BB047DA9140 /* Pods-AR-online-shopping-iOS.release.xcconfig */ = {isa = PBXFileReference; includeInIndex = 1; lastKnownFileType = text.xcconfig; name = "Pods-AR-online-shopping-iOS.release.xcconfig"; path = "Target Support Files/Pods-AR-online-shopping-iOS/Pods-AR-online-shopping-iOS.release.xcconfig"; sourceTree = "<group>"; };
		EA548F5A8666EE0CAA0335A1 /* Pods_AR_online_shopping_iOS_AR_online_shopping_iOSUITests.framework */ = {isa = PBXFileReference; explicitFileType = wrapper.framework; includeInIndex = 0; path = Pods_AR_online_shopping_iOS_AR_online_shopping_iOSUITests.framework; sourceTree = BUILT_PRODUCTS_DIR; };
		FFDE09C3A0C32D65F72B2254 /* Pods-AR-online-shopping-iOSTests.debug.xcconfig */ = {isa = PBXFileReference; includeInIndex = 1; lastKnownFileType = text.xcconfig; name = "Pods-AR-online-shopping-iOSTests.debug.xcconfig"; path = "Target Support Files/Pods-AR-online-shopping-iOSTests/Pods-AR-online-shopping-iOSTests.debug.xcconfig"; sourceTree = "<group>"; };
/* End PBXFileReference section */

/* Begin PBXFrameworksBuildPhase section */
		536BF1BA27E6301F00F4E28B /* Frameworks */ = {
			isa = PBXFrameworksBuildPhase;
			buildActionMask = 2147483647;
			files = (
				53C5131D27E7B5C60011930A /* FocusEntity in Frameworks */,
				34ACAD425EA20ED2AD5C6F48 /* Pods_AR_online_shopping_iOS.framework in Frameworks */,
			);
			runOnlyForDeploymentPostprocessing = 0;
		};
		536BF1CC27E6302200F4E28B /* Frameworks */ = {
			isa = PBXFrameworksBuildPhase;
			buildActionMask = 2147483647;
			files = (
				7869342CEA2A324B26CDFB68 /* Pods_AR_online_shopping_iOSTests.framework in Frameworks */,
			);
			runOnlyForDeploymentPostprocessing = 0;
		};
		536BF1D627E6302200F4E28B /* Frameworks */ = {
			isa = PBXFrameworksBuildPhase;
			buildActionMask = 2147483647;
			files = (
				107D23A7FD72C1622F61D102 /* Pods_AR_online_shopping_iOS_AR_online_shopping_iOSUITests.framework in Frameworks */,
			);
			runOnlyForDeploymentPostprocessing = 0;
		};
/* End PBXFrameworksBuildPhase section */

/* Begin PBXGroup section */
		53331340280F506B00741D31 /* Services */ = {
			isa = PBXGroup;
			children = (
				534562BA27F222BB008E1B5E /* UserAuthentication.swift */,
				5332861D27F62B0F00714161 /* NewPostService.swift */,
				53558D702804B604009B7152 /* ProductService.swift */,
				5350836528060E10005F7641 /* StoryService.swift */,
			);
			path = Services;
			sourceTree = "<group>";
		};
		5335925427EA557E0046851F /* Models */ = {
			isa = PBXGroup;
			children = (
				5383D7A2280C943F009BF6DF /* NewPostModel.swift */,
				5350836328060B2E005F7641 /* StoryModel.swift */,
				53C281A127E7987B00163FEB /* Model3D.swift */,
				5335925527EA55A70046851F /* Product.swift */,
			);
			path = Models;
			sourceTree = "<group>";
		};
		5335925727EA56CE0046851F /* Components */ = {
			isa = PBXGroup;
			children = (
				53C5131E27E7BC6F0011930A /* FocusARView.swift */,
				5383D7A4280C955F009BF6DF /* ImagePicker.swift */,
				5335925F27EA5F6B0046851F /* CartManager.swift */,
				5335925827EA56F80046851F /* ProductCard.swift */,
				5335925B27EA5BE00046851F /* CartButton.swift */,
				5335926127EA62110046851F /* ProductRow.swift */,
			);
			path = Components;
			sourceTree = "<group>";
		};
		5335925A27EA59DF0046851F /* Views */ = {
			isa = PBXGroup;
			children = (
				534162D527EB9E3D0045338C /* AboutUsView.swift */,
				5335924F27EA45080046851F /* ARViewScreen.swift */,
				5350836728061FDE005F7641 /* HelpScreen.swift */,
				534162CD27EB9A6F0045338C /* PostView.swift */,
				534162D127EB9A850045338C /* HomeScreen.swift */,
				5335925127EA4B760046851F /* ShopHomeScreen.swift */,
				5335925D27EA5DA70046851F /* CartView.swift */,
				534562B827F1FE7E008E1B5E /* MainView.swift */,
				5346BC4D27F38D94003D716F /* NewPostView.swift */,
				5383D7A6280CA132009BF6DF /* ProductView.swift */,
			);
			path = Views;
			sourceTree = "<group>";
		};
		536BF1B427E6301F00F4E28B = {
			isa = PBXGroup;
			children = (
				536BF1BF27E6301F00F4E28B /* AR-online-shopping-iOS */,
				536BF1D227E6302200F4E28B /* AR-online-shopping-iOSTests */,
				536BF1DC27E6302200F4E28B /* AR-online-shopping-iOSUITests */,
				536BF1BE27E6301F00F4E28B /* Products */,
				5B1743BE11201B68730C4EB7 /* Pods */,
				A8616FF879E8B57B430E4568 /* Frameworks */,
			);
			sourceTree = "<group>";
		};
		536BF1BE27E6301F00F4E28B /* Products */ = {
			isa = PBXGroup;
			children = (
				536BF1BD27E6301F00F4E28B /* AR-online-shopping-iOS.app */,
				536BF1CF27E6302200F4E28B /* AR-online-shopping-iOSTests.xctest */,
				536BF1D927E6302200F4E28B /* AR-online-shopping-iOSUITests.xctest */,
			);
			name = Products;
			sourceTree = "<group>";
		};
		536BF1BF27E6301F00F4E28B /* AR-online-shopping-iOS */ = {
			isa = PBXGroup;
			children = (
				534562B527F1FE5C008E1B5E /* GoogleService-Info.plist */,
				536BF1C227E6301F00F4E28B /* ContentView.swift */,
				536BF1C027E6301F00F4E28B /* AppDelegate.swift */,
				5335925727EA56CE0046851F /* Components */,
				5335925427EA557E0046851F /* Models */,
				536BF1EC27E6388200F4E28B /* Model-Images */,
				536BF1C627E6302200F4E28B /* Assets.xcassets */,
				536BF1C827E6302200F4E28B /* Preview Content */,
				53331340280F506B00741D31 /* Services */,
				5335925A27EA59DF0046851F /* Views */,
			);
			path = "AR-online-shopping-iOS";
			sourceTree = "<group>";
		};
		536BF1C827E6302200F4E28B /* Preview Content */ = {
			isa = PBXGroup;
			children = (
				536BF1C927E6302200F4E28B /* Preview Assets.xcassets */,
			);
			path = "Preview Content";
			sourceTree = "<group>";
		};
		536BF1D227E6302200F4E28B /* AR-online-shopping-iOSTests */ = {
			isa = PBXGroup;
			children = (
				536BF1D327E6302200F4E28B /* AR_online_shopping_iOSTests.swift */,
			);
			path = "AR-online-shopping-iOSTests";
			sourceTree = "<group>";
		};
		536BF1DC27E6302200F4E28B /* AR-online-shopping-iOSUITests */ = {
			isa = PBXGroup;
			children = (
				536BF1DD27E6302200F4E28B /* AR_online_shopping_iOSUITests.swift */,
				536BF1DF27E6302200F4E28B /* AR_online_shopping_iOSUITestsLaunchTests.swift */,
			);
			path = "AR-online-shopping-iOSUITests";
			sourceTree = "<group>";
		};
		536BF1EC27E6388200F4E28B /* Model-Images */ = {
			isa = PBXGroup;
			children = (
				536BF1EE27E6390600F4E28B /* chair_swan.usdz */,
				536BF1ED27E6390600F4E28B /* cup_saucer_set.usdz */,
				536BF1EF27E6390600F4E28B /* gramophone.usdz */,
				536BF1F027E6390600F4E28B /* teapot.usdz */,
			);
			path = "Model-Images";
			sourceTree = "<group>";
		};
		5B1743BE11201B68730C4EB7 /* Pods */ = {
			isa = PBXGroup;
			children = (
				71F21ECC4BFFFD0AD8625FCC /* Pods-AR-online-shopping-iOS.debug.xcconfig */,
				9F47147476337BB047DA9140 /* Pods-AR-online-shopping-iOS.release.xcconfig */,
				2DE9EE8F976BC286D7905E79 /* Pods-AR-online-shopping-iOS-AR-online-shopping-iOSUITests.debug.xcconfig */,
				180BA354D7F0C43BAD2B8481 /* Pods-AR-online-shopping-iOS-AR-online-shopping-iOSUITests.release.xcconfig */,
				FFDE09C3A0C32D65F72B2254 /* Pods-AR-online-shopping-iOSTests.debug.xcconfig */,
				32029C3F81D02BA8A2480A7A /* Pods-AR-online-shopping-iOSTests.release.xcconfig */,
			);
			path = Pods;
			sourceTree = "<group>";
		};
		A8616FF879E8B57B430E4568 /* Frameworks */ = {
			isa = PBXGroup;
			children = (
				2CD2F8A5D669E938773B36E7 /* Pods_AR_online_shopping_iOS.framework */,
				EA548F5A8666EE0CAA0335A1 /* Pods_AR_online_shopping_iOS_AR_online_shopping_iOSUITests.framework */,
				829EE9178E7F0E242860ADA7 /* Pods_AR_online_shopping_iOSTests.framework */,
			);
			name = Frameworks;
			sourceTree = "<group>";
		};
/* End PBXGroup section */

/* Begin PBXNativeTarget section */
		536BF1BC27E6301F00F4E28B /* AR-online-shopping-iOS */ = {
			isa = PBXNativeTarget;
			buildConfigurationList = 536BF1E327E6302200F4E28B /* Build configuration list for PBXNativeTarget "AR-online-shopping-iOS" */;
			buildPhases = (
				C6369EFFF6227CE0BDF10311 /* [CP] Check Pods Manifest.lock */,
				536BF1B927E6301F00F4E28B /* Sources */,
				536BF1BA27E6301F00F4E28B /* Frameworks */,
				536BF1BB27E6301F00F4E28B /* Resources */,
				33BE4CCA7C1BB2523A422ED9 /* [CP] Embed Pods Frameworks */,
			);
			buildRules = (
			);
			dependencies = (
			);
			name = "AR-online-shopping-iOS";
			packageProductDependencies = (
				53C5131C27E7B5C60011930A /* FocusEntity */,
			);
			productName = "AR-online-shopping-iOS";
			productReference = 536BF1BD27E6301F00F4E28B /* AR-online-shopping-iOS.app */;
			productType = "com.apple.product-type.application";
		};
		536BF1CE27E6302200F4E28B /* AR-online-shopping-iOSTests */ = {
			isa = PBXNativeTarget;
			buildConfigurationList = 536BF1E627E6302200F4E28B /* Build configuration list for PBXNativeTarget "AR-online-shopping-iOSTests" */;
			buildPhases = (
				EA5AF22B9437072B32F1808B /* [CP] Check Pods Manifest.lock */,
				536BF1CB27E6302200F4E28B /* Sources */,
				536BF1CC27E6302200F4E28B /* Frameworks */,
				536BF1CD27E6302200F4E28B /* Resources */,
			);
			buildRules = (
			);
			dependencies = (
				536BF1D127E6302200F4E28B /* PBXTargetDependency */,
			);
			name = "AR-online-shopping-iOSTests";
			productName = "AR-online-shopping-iOSTests";
			productReference = 536BF1CF27E6302200F4E28B /* AR-online-shopping-iOSTests.xctest */;
			productType = "com.apple.product-type.bundle.unit-test";
		};
		536BF1D827E6302200F4E28B /* AR-online-shopping-iOSUITests */ = {
			isa = PBXNativeTarget;
			buildConfigurationList = 536BF1E927E6302200F4E28B /* Build configuration list for PBXNativeTarget "AR-online-shopping-iOSUITests" */;
			buildPhases = (
				4A468BA9E9665978024BCFDC /* [CP] Check Pods Manifest.lock */,
				536BF1D527E6302200F4E28B /* Sources */,
				536BF1D627E6302200F4E28B /* Frameworks */,
				536BF1D727E6302200F4E28B /* Resources */,
				8DA1C35B49ED2991000FB790 /* [CP] Embed Pods Frameworks */,
			);
			buildRules = (
			);
			dependencies = (
				536BF1DB27E6302200F4E28B /* PBXTargetDependency */,
			);
			name = "AR-online-shopping-iOSUITests";
			productName = "AR-online-shopping-iOSUITests";
			productReference = 536BF1D927E6302200F4E28B /* AR-online-shopping-iOSUITests.xctest */;
			productType = "com.apple.product-type.bundle.ui-testing";
		};
/* End PBXNativeTarget section */

/* Begin PBXProject section */
		536BF1B527E6301F00F4E28B /* Project object */ = {
			isa = PBXProject;
			attributes = {
				BuildIndependentTargetsInParallel = 1;
				LastSwiftUpdateCheck = 1330;
				LastUpgradeCheck = 1330;
				TargetAttributes = {
					536BF1BC27E6301F00F4E28B = {
						CreatedOnToolsVersion = 13.3;
					};
					536BF1CE27E6302200F4E28B = {
						CreatedOnToolsVersion = 13.3;
						TestTargetID = 536BF1BC27E6301F00F4E28B;
					};
					536BF1D827E6302200F4E28B = {
						CreatedOnToolsVersion = 13.3;
						TestTargetID = 536BF1BC27E6301F00F4E28B;
					};
				};
			};
			buildConfigurationList = 536BF1B827E6301F00F4E28B /* Build configuration list for PBXProject "AR-online-shopping-iOS" */;
			compatibilityVersion = "Xcode 13.0";
			developmentRegion = en;
			hasScannedForEncodings = 0;
			knownRegions = (
				en,
				Base,
			);
			mainGroup = 536BF1B427E6301F00F4E28B;
			packageReferences = (
				53C5131B27E7B5C60011930A /* XCRemoteSwiftPackageReference "FocusEntity" */,
			);
			productRefGroup = 536BF1BE27E6301F00F4E28B /* Products */;
			projectDirPath = "";
			projectRoot = "";
			targets = (
				536BF1BC27E6301F00F4E28B /* AR-online-shopping-iOS */,
				536BF1CE27E6302200F4E28B /* AR-online-shopping-iOSTests */,
				536BF1D827E6302200F4E28B /* AR-online-shopping-iOSUITests */,
			);
		};
/* End PBXProject section */

/* Begin PBXResourcesBuildPhase section */
		536BF1BB27E6301F00F4E28B /* Resources */ = {
			isa = PBXResourcesBuildPhase;
			buildActionMask = 2147483647;
			files = (
				536BF1F427E6390600F4E28B /* teapot.usdz in Resources */,
				536BF1CA27E6302200F4E28B /* Preview Assets.xcassets in Resources */,
				536BF1C727E6302200F4E28B /* Assets.xcassets in Resources */,
				536BF1F227E6390600F4E28B /* chair_swan.usdz in Resources */,
				536BF1F127E6390600F4E28B /* cup_saucer_set.usdz in Resources */,
				536BF1F327E6390600F4E28B /* gramophone.usdz in Resources */,
				534562B627F1FE5C008E1B5E /* GoogleService-Info.plist in Resources */,
			);
			runOnlyForDeploymentPostprocessing = 0;
		};
		536BF1CD27E6302200F4E28B /* Resources */ = {
			isa = PBXResourcesBuildPhase;
			buildActionMask = 2147483647;
			files = (
			);
			runOnlyForDeploymentPostprocessing = 0;
		};
		536BF1D727E6302200F4E28B /* Resources */ = {
			isa = PBXResourcesBuildPhase;
			buildActionMask = 2147483647;
			files = (
			);
			runOnlyForDeploymentPostprocessing = 0;
		};
/* End PBXResourcesBuildPhase section */

/* Begin PBXShellScriptBuildPhase section */
		33BE4CCA7C1BB2523A422ED9 /* [CP] Embed Pods Frameworks */ = {
			isa = PBXShellScriptBuildPhase;
			buildActionMask = 2147483647;
			files = (
			);
			inputFileListPaths = (
				"${PODS_ROOT}/Target Support Files/Pods-AR-online-shopping-iOS/Pods-AR-online-shopping-iOS-frameworks-${CONFIGURATION}-input-files.xcfilelist",
			);
			name = "[CP] Embed Pods Frameworks";
			outputFileListPaths = (
				"${PODS_ROOT}/Target Support Files/Pods-AR-online-shopping-iOS/Pods-AR-online-shopping-iOS-frameworks-${CONFIGURATION}-output-files.xcfilelist",
			);
			runOnlyForDeploymentPostprocessing = 0;
			shellPath = /bin/sh;
			shellScript = "\"${PODS_ROOT}/Target Support Files/Pods-AR-online-shopping-iOS/Pods-AR-online-shopping-iOS-frameworks.sh\"\n";
			showEnvVarsInLog = 0;
		};
		4A468BA9E9665978024BCFDC /* [CP] Check Pods Manifest.lock */ = {
			isa = PBXShellScriptBuildPhase;
			buildActionMask = 2147483647;
			files = (
			);
			inputFileListPaths = (
			);
			inputPaths = (
				"${PODS_PODFILE_DIR_PATH}/Podfile.lock",
				"${PODS_ROOT}/Manifest.lock",
			);
			name = "[CP] Check Pods Manifest.lock";
			outputFileListPaths = (
			);
			outputPaths = (
				"$(DERIVED_FILE_DIR)/Pods-AR-online-shopping-iOS-AR-online-shopping-iOSUITests-checkManifestLockResult.txt",
			);
			runOnlyForDeploymentPostprocessing = 0;
			shellPath = /bin/sh;
			shellScript = "diff \"${PODS_PODFILE_DIR_PATH}/Podfile.lock\" \"${PODS_ROOT}/Manifest.lock\" > /dev/null\nif [ $? != 0 ] ; then\n    # print error to STDERR\n    echo \"error: The sandbox is not in sync with the Podfile.lock. Run 'pod install' or update your CocoaPods installation.\" >&2\n    exit 1\nfi\n# This output is used by Xcode 'outputs' to avoid re-running this script phase.\necho \"SUCCESS\" > \"${SCRIPT_OUTPUT_FILE_0}\"\n";
			showEnvVarsInLog = 0;
		};
		8DA1C35B49ED2991000FB790 /* [CP] Embed Pods Frameworks */ = {
			isa = PBXShellScriptBuildPhase;
			buildActionMask = 2147483647;
			files = (
			);
			inputFileListPaths = (
				"${PODS_ROOT}/Target Support Files/Pods-AR-online-shopping-iOS-AR-online-shopping-iOSUITests/Pods-AR-online-shopping-iOS-AR-online-shopping-iOSUITests-frameworks-${CONFIGURATION}-input-files.xcfilelist",
			);
			name = "[CP] Embed Pods Frameworks";
			outputFileListPaths = (
				"${PODS_ROOT}/Target Support Files/Pods-AR-online-shopping-iOS-AR-online-shopping-iOSUITests/Pods-AR-online-shopping-iOS-AR-online-shopping-iOSUITests-frameworks-${CONFIGURATION}-output-files.xcfilelist",
			);
			runOnlyForDeploymentPostprocessing = 0;
			shellPath = /bin/sh;
			shellScript = "\"${PODS_ROOT}/Target Support Files/Pods-AR-online-shopping-iOS-AR-online-shopping-iOSUITests/Pods-AR-online-shopping-iOS-AR-online-shopping-iOSUITests-frameworks.sh\"\n";
			showEnvVarsInLog = 0;
		};
		C6369EFFF6227CE0BDF10311 /* [CP] Check Pods Manifest.lock */ = {
			isa = PBXShellScriptBuildPhase;
			buildActionMask = 2147483647;
			files = (
			);
			inputFileListPaths = (
			);
			inputPaths = (
				"${PODS_PODFILE_DIR_PATH}/Podfile.lock",
				"${PODS_ROOT}/Manifest.lock",
			);
			name = "[CP] Check Pods Manifest.lock";
			outputFileListPaths = (
			);
			outputPaths = (
				"$(DERIVED_FILE_DIR)/Pods-AR-online-shopping-iOS-checkManifestLockResult.txt",
			);
			runOnlyForDeploymentPostprocessing = 0;
			shellPath = /bin/sh;
			shellScript = "diff \"${PODS_PODFILE_DIR_PATH}/Podfile.lock\" \"${PODS_ROOT}/Manifest.lock\" > /dev/null\nif [ $? != 0 ] ; then\n    # print error to STDERR\n    echo \"error: The sandbox is not in sync with the Podfile.lock. Run 'pod install' or update your CocoaPods installation.\" >&2\n    exit 1\nfi\n# This output is used by Xcode 'outputs' to avoid re-running this script phase.\necho \"SUCCESS\" > \"${SCRIPT_OUTPUT_FILE_0}\"\n";
			showEnvVarsInLog = 0;
		};
		EA5AF22B9437072B32F1808B /* [CP] Check Pods Manifest.lock */ = {
			isa = PBXShellScriptBuildPhase;
			buildActionMask = 2147483647;
			files = (
			);
			inputFileListPaths = (
			);
			inputPaths = (
				"${PODS_PODFILE_DIR_PATH}/Podfile.lock",
				"${PODS_ROOT}/Manifest.lock",
			);
			name = "[CP] Check Pods Manifest.lock";
			outputFileListPaths = (
			);
			outputPaths = (
				"$(DERIVED_FILE_DIR)/Pods-AR-online-shopping-iOSTests-checkManifestLockResult.txt",
			);
			runOnlyForDeploymentPostprocessing = 0;
			shellPath = /bin/sh;
			shellScript = "diff \"${PODS_PODFILE_DIR_PATH}/Podfile.lock\" \"${PODS_ROOT}/Manifest.lock\" > /dev/null\nif [ $? != 0 ] ; then\n    # print error to STDERR\n    echo \"error: The sandbox is not in sync with the Podfile.lock. Run 'pod install' or update your CocoaPods installation.\" >&2\n    exit 1\nfi\n# This output is used by Xcode 'outputs' to avoid re-running this script phase.\necho \"SUCCESS\" > \"${SCRIPT_OUTPUT_FILE_0}\"\n";
			showEnvVarsInLog = 0;
		};
/* End PBXShellScriptBuildPhase section */

/* Begin PBXSourcesBuildPhase section */
		536BF1B927E6301F00F4E28B /* Sources */ = {
			isa = PBXSourcesBuildPhase;
			buildActionMask = 2147483647;
			files = (
				5335925E27EA5DA70046851F /* CartView.swift in Sources */,
				5346BC4E27F38D94003D716F /* NewPostView.swift in Sources */,
				5383D7A5280C955F009BF6DF /* ImagePicker.swift in Sources */,
				536BF1C327E6301F00F4E28B /* ContentView.swift in Sources */,
				5335925027EA45080046851F /* ARViewScreen.swift in Sources */,
				5350836828061FDE005F7641 /* HelpScreen.swift in Sources */,
				5332861E27F62B0F00714161 /* NewPostService.swift in Sources */,
				5350836428060B2E005F7641 /* StoryModel.swift in Sources */,
				5335926027EA5F6B0046851F /* CartManager.swift in Sources */,
				5383D7A3280C943F009BF6DF /* NewPostModel.swift in Sources */,
				536BF1C127E6301F00F4E28B /* AppDelegate.swift in Sources */,
				53C5131F27E7BC6F0011930A /* FocusARView.swift in Sources */,
				534562BB27F222BB008E1B5E /* UserAuthentication.swift in Sources */,
				53558D712804B604009B7152 /* ProductService.swift in Sources */,
				5335925227EA4B760046851F /* ShopHomeScreen.swift in Sources */,
				534162D627EB9E3D0045338C /* AboutUsView.swift in Sources */,
				5335925C27EA5BE10046851F /* CartButton.swift in Sources */,
				5335926227EA62110046851F /* ProductRow.swift in Sources */,
				5383D7A7280CA132009BF6DF /* ProductView.swift in Sources */,
				5350836628060E10005F7641 /* StoryService.swift in Sources */,
				53C281A227E7987B00163FEB /* Model3D.swift in Sources */,
				534562B927F1FE7E008E1B5E /* MainView.swift in Sources */,
				534162D227EB9A850045338C /* HomeScreen.swift in Sources */,
				5335925627EA55A70046851F /* Product.swift in Sources */,
				534162CF27EB9A6F0045338C /* PostView.swift in Sources */,
				5335925927EA56F80046851F /* ProductCard.swift in Sources */,
			);
			runOnlyForDeploymentPostprocessing = 0;
		};
		536BF1CB27E6302200F4E28B /* Sources */ = {
			isa = PBXSourcesBuildPhase;
			buildActionMask = 2147483647;
			files = (
				536BF1D427E6302200F4E28B /* AR_online_shopping_iOSTests.swift in Sources */,
			);
			runOnlyForDeploymentPostprocessing = 0;
		};
		536BF1D527E6302200F4E28B /* Sources */ = {
			isa = PBXSourcesBuildPhase;
			buildActionMask = 2147483647;
			files = (
				536BF1E027E6302200F4E28B /* AR_online_shopping_iOSUITestsLaunchTests.swift in Sources */,
				536BF1DE27E6302200F4E28B /* AR_online_shopping_iOSUITests.swift in Sources */,
			);
			runOnlyForDeploymentPostprocessing = 0;
		};
/* End PBXSourcesBuildPhase section */

/* Begin PBXTargetDependency section */
		536BF1D127E6302200F4E28B /* PBXTargetDependency */ = {
			isa = PBXTargetDependency;
			target = 536BF1BC27E6301F00F4E28B /* AR-online-shopping-iOS */;
			targetProxy = 536BF1D027E6302200F4E28B /* PBXContainerItemProxy */;
		};
		536BF1DB27E6302200F4E28B /* PBXTargetDependency */ = {
			isa = PBXTargetDependency;
			target = 536BF1BC27E6301F00F4E28B /* AR-online-shopping-iOS */;
			targetProxy = 536BF1DA27E6302200F4E28B /* PBXContainerItemProxy */;
		};
/* End PBXTargetDependency section */

/* Begin XCBuildConfiguration section */
		536BF1E127E6302200F4E28B /* Debug */ = {
			isa = XCBuildConfiguration;
			buildSettings = {
				ALWAYS_SEARCH_USER_PATHS = NO;
				CLANG_ANALYZER_NONNULL = YES;
				CLANG_ANALYZER_NUMBER_OBJECT_CONVERSION = YES_AGGRESSIVE;
				CLANG_CXX_LANGUAGE_STANDARD = "gnu++17";
				CLANG_ENABLE_MODULES = YES;
				CLANG_ENABLE_OBJC_ARC = YES;
				CLANG_ENABLE_OBJC_WEAK = YES;
				CLANG_WARN_BLOCK_CAPTURE_AUTORELEASING = YES;
				CLANG_WARN_BOOL_CONVERSION = YES;
				CLANG_WARN_COMMA = YES;
				CLANG_WARN_CONSTANT_CONVERSION = YES;
				CLANG_WARN_DEPRECATED_OBJC_IMPLEMENTATIONS = YES;
				CLANG_WARN_DIRECT_OBJC_ISA_USAGE = YES_ERROR;
				CLANG_WARN_DOCUMENTATION_COMMENTS = YES;
				CLANG_WARN_EMPTY_BODY = YES;
				CLANG_WARN_ENUM_CONVERSION = YES;
				CLANG_WARN_INFINITE_RECURSION = YES;
				CLANG_WARN_INT_CONVERSION = YES;
				CLANG_WARN_NON_LITERAL_NULL_CONVERSION = YES;
				CLANG_WARN_OBJC_IMPLICIT_RETAIN_SELF = YES;
				CLANG_WARN_OBJC_LITERAL_CONVERSION = YES;
				CLANG_WARN_OBJC_ROOT_CLASS = YES_ERROR;
				CLANG_WARN_QUOTED_INCLUDE_IN_FRAMEWORK_HEADER = YES;
				CLANG_WARN_RANGE_LOOP_ANALYSIS = YES;
				CLANG_WARN_STRICT_PROTOTYPES = YES;
				CLANG_WARN_SUSPICIOUS_MOVE = YES;
				CLANG_WARN_UNGUARDED_AVAILABILITY = YES_AGGRESSIVE;
				CLANG_WARN_UNREACHABLE_CODE = YES;
				CLANG_WARN__DUPLICATE_METHOD_MATCH = YES;
				COPY_PHASE_STRIP = NO;
				DEBUG_INFORMATION_FORMAT = dwarf;
				ENABLE_STRICT_OBJC_MSGSEND = YES;
				ENABLE_TESTABILITY = YES;
				GCC_C_LANGUAGE_STANDARD = gnu11;
				GCC_DYNAMIC_NO_PIC = NO;
				GCC_NO_COMMON_BLOCKS = YES;
				GCC_OPTIMIZATION_LEVEL = 0;
				GCC_PREPROCESSOR_DEFINITIONS = (
					"DEBUG=1",
					"$(inherited)",
				);
				GCC_WARN_64_TO_32_BIT_CONVERSION = YES;
				GCC_WARN_ABOUT_RETURN_TYPE = YES_ERROR;
				GCC_WARN_UNDECLARED_SELECTOR = YES;
				GCC_WARN_UNINITIALIZED_AUTOS = YES_AGGRESSIVE;
				GCC_WARN_UNUSED_FUNCTION = YES;
				GCC_WARN_UNUSED_VARIABLE = YES;
				IPHONEOS_DEPLOYMENT_TARGET = 15.4;
				MTL_ENABLE_DEBUG_INFO = INCLUDE_SOURCE;
				MTL_FAST_MATH = YES;
				ONLY_ACTIVE_ARCH = YES;
				SDKROOT = iphoneos;
				SWIFT_ACTIVE_COMPILATION_CONDITIONS = DEBUG;
				SWIFT_OPTIMIZATION_LEVEL = "-Onone";
			};
			name = Debug;
		};
		536BF1E227E6302200F4E28B /* Release */ = {
			isa = XCBuildConfiguration;
			buildSettings = {
				ALWAYS_SEARCH_USER_PATHS = NO;
				CLANG_ANALYZER_NONNULL = YES;
				CLANG_ANALYZER_NUMBER_OBJECT_CONVERSION = YES_AGGRESSIVE;
				CLANG_CXX_LANGUAGE_STANDARD = "gnu++17";
				CLANG_ENABLE_MODULES = YES;
				CLANG_ENABLE_OBJC_ARC = YES;
				CLANG_ENABLE_OBJC_WEAK = YES;
				CLANG_WARN_BLOCK_CAPTURE_AUTORELEASING = YES;
				CLANG_WARN_BOOL_CONVERSION = YES;
				CLANG_WARN_COMMA = YES;
				CLANG_WARN_CONSTANT_CONVERSION = YES;
				CLANG_WARN_DEPRECATED_OBJC_IMPLEMENTATIONS = YES;
				CLANG_WARN_DIRECT_OBJC_ISA_USAGE = YES_ERROR;
				CLANG_WARN_DOCUMENTATION_COMMENTS = YES;
				CLANG_WARN_EMPTY_BODY = YES;
				CLANG_WARN_ENUM_CONVERSION = YES;
				CLANG_WARN_INFINITE_RECURSION = YES;
				CLANG_WARN_INT_CONVERSION = YES;
				CLANG_WARN_NON_LITERAL_NULL_CONVERSION = YES;
				CLANG_WARN_OBJC_IMPLICIT_RETAIN_SELF = YES;
				CLANG_WARN_OBJC_LITERAL_CONVERSION = YES;
				CLANG_WARN_OBJC_ROOT_CLASS = YES_ERROR;
				CLANG_WARN_QUOTED_INCLUDE_IN_FRAMEWORK_HEADER = YES;
				CLANG_WARN_RANGE_LOOP_ANALYSIS = YES;
				CLANG_WARN_STRICT_PROTOTYPES = YES;
				CLANG_WARN_SUSPICIOUS_MOVE = YES;
				CLANG_WARN_UNGUARDED_AVAILABILITY = YES_AGGRESSIVE;
				CLANG_WARN_UNREACHABLE_CODE = YES;
				CLANG_WARN__DUPLICATE_METHOD_MATCH = YES;
				COPY_PHASE_STRIP = NO;
				DEBUG_INFORMATION_FORMAT = "dwarf-with-dsym";
				ENABLE_NS_ASSERTIONS = NO;
				ENABLE_STRICT_OBJC_MSGSEND = YES;
				GCC_C_LANGUAGE_STANDARD = gnu11;
				GCC_NO_COMMON_BLOCKS = YES;
				GCC_WARN_64_TO_32_BIT_CONVERSION = YES;
				GCC_WARN_ABOUT_RETURN_TYPE = YES_ERROR;
				GCC_WARN_UNDECLARED_SELECTOR = YES;
				GCC_WARN_UNINITIALIZED_AUTOS = YES_AGGRESSIVE;
				GCC_WARN_UNUSED_FUNCTION = YES;
				GCC_WARN_UNUSED_VARIABLE = YES;
				IPHONEOS_DEPLOYMENT_TARGET = 15.4;
				MTL_ENABLE_DEBUG_INFO = NO;
				MTL_FAST_MATH = YES;
				SDKROOT = iphoneos;
				SWIFT_COMPILATION_MODE = wholemodule;
				SWIFT_OPTIMIZATION_LEVEL = "-O";
				VALIDATE_PRODUCT = YES;
			};
			name = Release;
		};
		536BF1E427E6302200F4E28B /* Debug */ = {
			isa = XCBuildConfiguration;
			baseConfigurationReference = 71F21ECC4BFFFD0AD8625FCC /* Pods-AR-online-shopping-iOS.debug.xcconfig */;
			buildSettings = {
				ASSETCATALOG_COMPILER_APPICON_NAME = AppIcon;
				ASSETCATALOG_COMPILER_GLOBAL_ACCENT_COLOR_NAME = AccentColor;
				CODE_SIGN_STYLE = Automatic;
				CURRENT_PROJECT_VERSION = 1;
				DEVELOPMENT_ASSET_PATHS = "\"AR-online-shopping-iOS/Preview Content\"";
				DEVELOPMENT_TEAM = BPYD893NRV;
				ENABLE_PREVIEWS = YES;
				GENERATE_INFOPLIST_FILE = YES;
				INFOPLIST_KEY_NSCameraUsageDescription = "";
				INFOPLIST_KEY_UIApplicationSupportsIndirectInputEvents = YES;
				INFOPLIST_KEY_UILaunchScreen_Generation = YES;
				INFOPLIST_KEY_UIRequiredDeviceCapabilities = arkit;
				INFOPLIST_KEY_UIStatusBarHidden = YES;
				INFOPLIST_KEY_UISupportedInterfaceOrientations_iPad = "UIInterfaceOrientationPortrait UIInterfaceOrientationPortraitUpsideDown UIInterfaceOrientationLandscapeLeft UIInterfaceOrientationLandscapeRight";
				INFOPLIST_KEY_UISupportedInterfaceOrientations_iPhone = "UIInterfaceOrientationPortrait UIInterfaceOrientationLandscapeLeft UIInterfaceOrientationLandscapeRight";
				LD_RUNPATH_SEARCH_PATHS = (
					"$(inherited)",
					"@executable_path/Frameworks",
				);
				MARKETING_VERSION = 1.0;
				PRODUCT_BUNDLE_IDENTIFIER = "com.ashk.AR-online-shopping-iOS";
				PRODUCT_NAME = "$(TARGET_NAME)";
				SWIFT_EMIT_LOC_STRINGS = YES;
				SWIFT_VERSION = 5.0;
				TARGETED_DEVICE_FAMILY = "1,2";
			};
			name = Debug;
		};
		536BF1E527E6302200F4E28B /* Release */ = {
			isa = XCBuildConfiguration;
			baseConfigurationReference = 9F47147476337BB047DA9140 /* Pods-AR-online-shopping-iOS.release.xcconfig */;
			buildSettings = {
				ASSETCATALOG_COMPILER_APPICON_NAME = AppIcon;
				ASSETCATALOG_COMPILER_GLOBAL_ACCENT_COLOR_NAME = AccentColor;
				CODE_SIGN_STYLE = Automatic;
				CURRENT_PROJECT_VERSION = 1;
				DEVELOPMENT_ASSET_PATHS = "\"AR-online-shopping-iOS/Preview Content\"";
				DEVELOPMENT_TEAM = BPYD893NRV;
				ENABLE_PREVIEWS = YES;
				GENERATE_INFOPLIST_FILE = YES;
				INFOPLIST_KEY_NSCameraUsageDescription = "";
				INFOPLIST_KEY_UIApplicationSupportsIndirectInputEvents = YES;
				INFOPLIST_KEY_UILaunchScreen_Generation = YES;
				INFOPLIST_KEY_UIRequiredDeviceCapabilities = arkit;
				INFOPLIST_KEY_UIStatusBarHidden = YES;
				INFOPLIST_KEY_UISupportedInterfaceOrientations_iPad = "UIInterfaceOrientationPortrait UIInterfaceOrientationPortraitUpsideDown UIInterfaceOrientationLandscapeLeft UIInterfaceOrientationLandscapeRight";
				INFOPLIST_KEY_UISupportedInterfaceOrientations_iPhone = "UIInterfaceOrientationPortrait UIInterfaceOrientationLandscapeLeft UIInterfaceOrientationLandscapeRight";
				LD_RUNPATH_SEARCH_PATHS = (
					"$(inherited)",
					"@executable_path/Frameworks",
				);
				MARKETING_VERSION = 1.0;
				PRODUCT_BUNDLE_IDENTIFIER = "com.ashk.AR-online-shopping-iOS";
				PRODUCT_NAME = "$(TARGET_NAME)";
				SWIFT_EMIT_LOC_STRINGS = YES;
				SWIFT_VERSION = 5.0;
				TARGETED_DEVICE_FAMILY = "1,2";
			};
			name = Release;
		};
		536BF1E727E6302200F4E28B /* Debug */ = {
			isa = XCBuildConfiguration;
			baseConfigurationReference = FFDE09C3A0C32D65F72B2254 /* Pods-AR-online-shopping-iOSTests.debug.xcconfig */;
			buildSettings = {
				ALWAYS_EMBED_SWIFT_STANDARD_LIBRARIES = YES;
				BUNDLE_LOADER = "$(TEST_HOST)";
				CODE_SIGN_STYLE = Automatic;
				CURRENT_PROJECT_VERSION = 1;
				DEVELOPMENT_TEAM = BPYD893NRV;
				GENERATE_INFOPLIST_FILE = YES;
				IPHONEOS_DEPLOYMENT_TARGET = 15.4;
				MARKETING_VERSION = 1.0;
				PRODUCT_BUNDLE_IDENTIFIER = "com.ashk.AR-online-shopping-iOSTests";
				PRODUCT_NAME = "$(TARGET_NAME)";
				SWIFT_EMIT_LOC_STRINGS = NO;
				SWIFT_VERSION = 5.0;
				TARGETED_DEVICE_FAMILY = "1,2";
				TEST_HOST = "$(BUILT_PRODUCTS_DIR)/AR-online-shopping-iOS.app/AR-online-shopping-iOS";
			};
			name = Debug;
		};
		536BF1E827E6302200F4E28B /* Release */ = {
			isa = XCBuildConfiguration;
			baseConfigurationReference = 32029C3F81D02BA8A2480A7A /* Pods-AR-online-shopping-iOSTests.release.xcconfig */;
			buildSettings = {
				ALWAYS_EMBED_SWIFT_STANDARD_LIBRARIES = YES;
				BUNDLE_LOADER = "$(TEST_HOST)";
				CODE_SIGN_STYLE = Automatic;
				CURRENT_PROJECT_VERSION = 1;
				DEVELOPMENT_TEAM = BPYD893NRV;
				GENERATE_INFOPLIST_FILE = YES;
				IPHONEOS_DEPLOYMENT_TARGET = 15.4;
				MARKETING_VERSION = 1.0;
				PRODUCT_BUNDLE_IDENTIFIER = "com.ashk.AR-online-shopping-iOSTests";
				PRODUCT_NAME = "$(TARGET_NAME)";
				SWIFT_EMIT_LOC_STRINGS = NO;
				SWIFT_VERSION = 5.0;
				TARGETED_DEVICE_FAMILY = "1,2";
				TEST_HOST = "$(BUILT_PRODUCTS_DIR)/AR-online-shopping-iOS.app/AR-online-shopping-iOS";
			};
			name = Release;
		};
		536BF1EA27E6302200F4E28B /* Debug */ = {
			isa = XCBuildConfiguration;
			baseConfigurationReference = 2DE9EE8F976BC286D7905E79 /* Pods-AR-online-shopping-iOS-AR-online-shopping-iOSUITests.debug.xcconfig */;
			buildSettings = {
				ALWAYS_EMBED_SWIFT_STANDARD_LIBRARIES = YES;
				CODE_SIGN_STYLE = Automatic;
				CURRENT_PROJECT_VERSION = 1;
				DEVELOPMENT_TEAM = BPYD893NRV;
				GENERATE_INFOPLIST_FILE = YES;
				MARKETING_VERSION = 1.0;
				PRODUCT_BUNDLE_IDENTIFIER = "com.ashk.AR-online-shopping-iOSUITests";
				PRODUCT_NAME = "$(TARGET_NAME)";
				SWIFT_EMIT_LOC_STRINGS = NO;
				SWIFT_VERSION = 5.0;
				TARGETED_DEVICE_FAMILY = "1,2";
				TEST_TARGET_NAME = "AR-online-shopping-iOS";
			};
			name = Debug;
		};
		536BF1EB27E6302200F4E28B /* Release */ = {
			isa = XCBuildConfiguration;
			baseConfigurationReference = 180BA354D7F0C43BAD2B8481 /* Pods-AR-online-shopping-iOS-AR-online-shopping-iOSUITests.release.xcconfig */;
			buildSettings = {
				ALWAYS_EMBED_SWIFT_STANDARD_LIBRARIES = YES;
				CODE_SIGN_STYLE = Automatic;
				CURRENT_PROJECT_VERSION = 1;
				DEVELOPMENT_TEAM = BPYD893NRV;
				GENERATE_INFOPLIST_FILE = YES;
				MARKETING_VERSION = 1.0;
				PRODUCT_BUNDLE_IDENTIFIER = "com.ashk.AR-online-shopping-iOSUITests";
				PRODUCT_NAME = "$(TARGET_NAME)";
				SWIFT_EMIT_LOC_STRINGS = NO;
				SWIFT_VERSION = 5.0;
				TARGETED_DEVICE_FAMILY = "1,2";
				TEST_TARGET_NAME = "AR-online-shopping-iOS";
			};
			name = Release;
		};
/* End XCBuildConfiguration section */

/* Begin XCConfigurationList section */
		536BF1B827E6301F00F4E28B /* Build configuration list for PBXProject "AR-online-shopping-iOS" */ = {
			isa = XCConfigurationList;
			buildConfigurations = (
				536BF1E127E6302200F4E28B /* Debug */,
				536BF1E227E6302200F4E28B /* Release */,
			);
			defaultConfigurationIsVisible = 0;
			defaultConfigurationName = Release;
		};
		536BF1E327E6302200F4E28B /* Build configuration list for PBXNativeTarget "AR-online-shopping-iOS" */ = {
			isa = XCConfigurationList;
			buildConfigurations = (
				536BF1E427E6302200F4E28B /* Debug */,
				536BF1E527E6302200F4E28B /* Release */,
			);
			defaultConfigurationIsVisible = 0;
			defaultConfigurationName = Release;
		};
		536BF1E627E6302200F4E28B /* Build configuration list for PBXNativeTarget "AR-online-shopping-iOSTests" */ = {
			isa = XCConfigurationList;
			buildConfigurations = (
				536BF1E727E6302200F4E28B /* Debug */,
				536BF1E827E6302200F4E28B /* Release */,
			);
			defaultConfigurationIsVisible = 0;
			defaultConfigurationName = Release;
		};
		536BF1E927E6302200F4E28B /* Build configuration list for PBXNativeTarget "AR-online-shopping-iOSUITests" */ = {
			isa = XCConfigurationList;
			buildConfigurations = (
				536BF1EA27E6302200F4E28B /* Debug */,
				536BF1EB27E6302200F4E28B /* Release */,
			);
			defaultConfigurationIsVisible = 0;
			defaultConfigurationName = Release;
		};
/* End XCConfigurationList section */

/* Begin XCRemoteSwiftPackageReference section */
		53C5131B27E7B5C60011930A /* XCRemoteSwiftPackageReference "FocusEntity" */ = {
			isa = XCRemoteSwiftPackageReference;
			repositoryURL = "https://github.com/maxxfrazer/FocusEntity";
			requirement = {
				branch = main;
				kind = branch;
			};
		};
/* End XCRemoteSwiftPackageReference section */

/* Begin XCSwiftPackageProductDependency section */
		53C5131C27E7B5C60011930A /* FocusEntity */ = {
			isa = XCSwiftPackageProductDependency;
			package = 53C5131B27E7B5C60011930A /* XCRemoteSwiftPackageReference "FocusEntity" */;
			productName = FocusEntity;
		};
/* End XCSwiftPackageProductDependency section */
	};
	rootObject = 536BF1B527E6301F00F4E28B /* Project object */;
}
